
Microsoft Visual Studio Solution File, Format Version 11.00
# Visual Studio 2010
Project("{8BC9CEB8-8B4A-11D0-8D11-00A0C91BC942}") = "Driver", "Driver\Driver.vcxproj", "{8D704265-CF11-42FC-A961-4B6C6D64D409}"
EndProject
Project("{8BC9CEB8-8B4A-11D0-8D11-00A0C91BC942}") = "TestApp", "TestApp\TestApp.vcxproj", "{91468916-EE26-4DEB-972C-3765DBBE62CB}"
EndProject
Global
	GlobalSection(SolutionConfigurationPlatforms) = preSolution
		Debug|Win32 = Debug|Win32
		Release|Win32 = Release|Win32
	EndGlobalSection
	GlobalSection(ProjectConfigurationPlatforms) = postSolution
		{8D704265-CF11-42FC-A961-4B6C6D64D409}.Debug|Win32.ActiveCfg = Debug|Win32
		{8D704265-CF11-42FC-A961-4B6C6D64D409}.Debug|Win32.Build.0 = Debug|Win32
		{8D704265-CF11-42FC-A961-4B6C6D64D409}.Release|Win32.ActiveCfg = Release|Win32
		{8D704265-CF11-42FC-A961-4B6C6D64D409}.Release|Win32.Build.0 = Release|Win32
		{91468916-EE26-4DEB-972C-3765DBBE62CB}.Debug|Win32.ActiveCfg = Debug|Win32
		{91468916-EE26-4DEB-972C-3765DBBE62CB}.Debug|Win32.Build.0 = Debug|Win32
		{91468916-EE26-4DEB-972C-3765DBBE62CB}.Release|Win32.ActiveCfg = Release|Win32
		{91468916-EE26-4DEB-972C-3765DBBE62CB}.Release|Win32.Build.0 = Release|Win32
	EndGlobalSection
	GlobalSection(SolutionProperties) = preSolution
		HideSolutionNode = FALSE
	EndGlobalSection
EndGlobal
