
Microsoft Visual Studio Solution File, Format Version 11.00
# Visual Studio 2010
Project("{8BC9CEB8-8B4A-11D0-8D11-00A0C91BC942}") = "Driver", "Driver\Driver.vcxproj", "{9F26BAE9-C465-49F2-B3D0-7DBECDF2B42C}"
EndProject
Project("{8BC9CEB8-8B4A-11D0-8D11-00A0C91BC942}") = "TestApp", "TestApp\TestApp.vcxproj", "{15E0AD6A-8A72-4D74-9B87-9566952A9566}"
EndProject
Global
	GlobalSection(SolutionConfigurationPlatforms) = preSolution
		Debug|Win32 = Debug|Win32
		Release|Win32 = Release|Win32
	EndGlobalSection
	GlobalSection(ProjectConfigurationPlatforms) = postSolution
		{9F26BAE9-C465-49F2-B3D0-7DBECDF2B42C}.Debug|Win32.ActiveCfg = Debug|Win32
		{9F26BAE9-C465-49F2-B3D0-7DBECDF2B42C}.Debug|Win32.Build.0 = Debug|Win32
		{9F26BAE9-C465-49F2-B3D0-7DBECDF2B42C}.Release|Win32.ActiveCfg = Release|Win32
		{9F26BAE9-C465-49F2-B3D0-7DBECDF2B42C}.Release|Win32.Build.0 = Release|Win32
		{15E0AD6A-8A72-4D74-9B87-9566952A9566}.Debug|Win32.ActiveCfg = Debug|Win32
		{15E0AD6A-8A72-4D74-9B87-9566952A9566}.Debug|Win32.Build.0 = Debug|Win32
		{15E0AD6A-8A72-4D74-9B87-9566952A9566}.Release|Win32.ActiveCfg = Release|Win32
		{15E0AD6A-8A72-4D74-9B87-9566952A9566}.Release|Win32.Build.0 = Release|Win32
	EndGlobalSection
	GlobalSection(SolutionProperties) = preSolution
		HideSolutionNode = FALSE
	EndGlobalSection
EndGlobal
